
Microsoft Visual Studio Solution File, Format Version 12.00
# Visual Studio 15
VisualStudioVersion = 15.0.26730.16
MinimumVisualStudioVersion = 10.0.40219.1
Project("{FAE04EC0-301F-11D3-BF4B-00C04F79EFBC}") = "YoutubeDL-GUI", "YoutubeDL-GUI\YoutubeDL-GUI.csproj", "{D32A0322-195F-4B54-9128-59676344B2E1}"
EndProject
Global
	GlobalSection(SolutionConfigurationPlatforms) = preSolution
		Debug|Any CPU = Debug|Any CPU
		Release|Any CPU = Release|Any CPU
	EndGlobalSection
	GlobalSection(ProjectConfigurationPlatforms) = postSolution
		{D32A0322-195F-4B54-9128-59676344B2E1}.Debug|Any CPU.ActiveCfg = Debug|Any CPU
		{D32A0322-195F-4B54-9128-59676344B2E1}.Debug|Any CPU.Build.0 = Debug|Any CPU
		{D32A0322-195F-4B54-9128-59676344B2E1}.Release|Any CPU.ActiveCfg = Release|Any CPU
		{D32A0322-195F-4B54-9128-59676344B2E1}.Release|Any CPU.Build.0 = Release|Any CPU
	EndGlobalSection
	GlobalSection(SolutionProperties) = preSolution
		HideSolutionNode = FALSE
	EndGlobalSection
	GlobalSection(ExtensibilityGlobals) = postSolution
		SolutionGuid = {8E02CA2C-7D47-46ED-8A2A-34D23914881F}
	EndGlobalSection
EndGlobal
